
Microsoft Visual Studio Solution File, Format Version 12.00
# Visual Studio Version 17
VisualStudioVersion = 17.7.34024.191
MinimumVisualStudioVersion = 10.0.40219.1
Project("{FAE04EC0-301F-11D3-BF4B-00C04F79EFBC}") = "DriverLicense", "DriverLicense.csproj", "{763A00C8-D6BD-462A-AC06-BF40C9DB1BE5}"
EndProject
Project("{FAE04EC0-301F-11D3-BF4B-00C04F79EFBC}") = "DriverBussinessLayer", "..\PeopleBussinessLayer\DriverBussinessLayer.csproj", "{A8C9414E-6C9F-43AD-885B-F7EC8BD34857}"
EndProject
Project("{FAE04EC0-301F-11D3-BF4B-00C04F79EFBC}") = "DriverDataAccessLayer", "..\PeopleDataAccessLayer\DriverDataAccessLayer.csproj", "{2D84AAEC-5514-4F98-8368-4F52852CD5ED}"
EndProject
Global
	GlobalSection(SolutionConfigurationPlatforms) = preSolution
		Debug|Any CPU = Debug|Any CPU
		Release|Any CPU = Release|Any CPU
	EndGlobalSection
	GlobalSection(ProjectConfigurationPlatforms) = postSolution
		{763A00C8-D6BD-462A-AC06-BF40C9DB1BE5}.Debug|Any CPU.ActiveCfg = Debug|Any CPU
		{763A00C8-D6BD-462A-AC06-BF40C9DB1BE5}.Debug|Any CPU.Build.0 = Debug|Any CPU
		{763A00C8-D6BD-462A-AC06-BF40C9DB1BE5}.Release|Any CPU.ActiveCfg = Release|Any CPU
		{763A00C8-D6BD-462A-AC06-BF40C9DB1BE5}.Release|Any CPU.Build.0 = Release|Any CPU
		{A8C9414E-6C9F-43AD-885B-F7EC8BD34857}.Debug|Any CPU.ActiveCfg = Debug|Any CPU
		{A8C9414E-6C9F-43AD-885B-F7EC8BD34857}.Debug|Any CPU.Build.0 = Debug|Any CPU
		{A8C9414E-6C9F-43AD-885B-F7EC8BD34857}.Release|Any CPU.ActiveCfg = Release|Any CPU
		{A8C9414E-6C9F-43AD-885B-F7EC8BD34857}.Release|Any CPU.Build.0 = Release|Any CPU
		{2D84AAEC-5514-4F98-8368-4F52852CD5ED}.Debug|Any CPU.ActiveCfg = Debug|Any CPU
		{2D84AAEC-5514-4F98-8368-4F52852CD5ED}.Debug|Any CPU.Build.0 = Debug|Any CPU
		{2D84AAEC-5514-4F98-8368-4F52852CD5ED}.Release|Any CPU.ActiveCfg = Release|Any CPU
		{2D84AAEC-5514-4F98-8368-4F52852CD5ED}.Release|Any CPU.Build.0 = Release|Any CPU
	EndGlobalSection
	GlobalSection(SolutionProperties) = preSolution
		HideSolutionNode = FALSE
	EndGlobalSection
	GlobalSection(ExtensibilityGlobals) = postSolution
		SolutionGuid = {29CD95D4-E21F-4349-92B7-72BB4F38D43C}
	EndGlobalSection
EndGlobal
